
Microsoft Visual Studio Solution File, Format Version 12.00
# Visual Studio Version 17
VisualStudioVersion = 17.11.35222.181
MinimumVisualStudioVersion = 10.0.40219.1
Project("{FAE04EC0-301F-11D3-BF4B-00C04F79EFBC}") = "BookWebApi", "BookWebApi\BookWebApi.csproj", "{AFDFA714-CCBA-439E-8B1C-2C2FB6CFA4FC}"
EndProject
Global
	GlobalSection(SolutionConfigurationPlatforms) = preSolution
		Debug|Any CPU = Debug|Any CPU
		Release|Any CPU = Release|Any CPU
	EndGlobalSection
	GlobalSection(ProjectConfigurationPlatforms) = postSolution
		{AFDFA714-CCBA-439E-8B1C-2C2FB6CFA4FC}.Debug|Any CPU.ActiveCfg = Debug|Any CPU
		{AFDFA714-CCBA-439E-8B1C-2C2FB6CFA4FC}.Debug|Any CPU.Build.0 = Debug|Any CPU
		{AFDFA714-CCBA-439E-8B1C-2C2FB6CFA4FC}.Release|Any CPU.ActiveCfg = Release|Any CPU
		{AFDFA714-CCBA-439E-8B1C-2C2FB6CFA4FC}.Release|Any CPU.Build.0 = Release|Any CPU
	EndGlobalSection
	GlobalSection(SolutionProperties) = preSolution
		HideSolutionNode = FALSE
	EndGlobalSection
	GlobalSection(ExtensibilityGlobals) = postSolution
		SolutionGuid = {6B43CC2D-8891-46A5-90FE-DAA4CBDCEACA}
	EndGlobalSection
EndGlobal
